
Microsoft Visual Studio Solution File, Format Version 12.00
# Visual Studio Version 17
VisualStudioVersion = 17.0.31903.59
MinimumVisualStudioVersion = 10.0.40219.1
Project("{2150E333-8FDC-42A3-9474-1A3956D46DE8}") = "src", "src", "{827E0CD3-B72D-47B6-A68D-7590B98EB39B}"
EndProject
Project("{FAE04EC0-301F-11D3-BF4B-00C04F79EFBC}") = "AndroidTreeView.Models", "src\AndroidTreeView.Models\AndroidTreeView.Models.csproj", "{0F6C4102-A1C2-4784-AF93-6CE76207BC69}"
EndProject
Project("{FAE04EC0-301F-11D3-BF4B-00C04F79EFBC}") = "AndroidTreeView.Core", "src\AndroidTreeView.Core\AndroidTreeView.Core.csproj", "{53511EDA-C071-41A1-A0E7-295175228BAD}"
EndProject
Project("{FAE04EC0-301F-11D3-BF4B-00C04F79EFBC}") = "AndroidTreeView.Adb", "src\AndroidTreeView.Adb\AndroidTreeView.Adb.csproj", "{15F8190C-606E-4A0F-AC54-B1A862CBBC8E}"
EndProject
Project("{FAE04EC0-301F-11D3-BF4B-00C04F79EFBC}") = "AndroidTreeView.Infrastructure", "src\AndroidTreeView.Infrastructure\AndroidTreeView.Infrastructure.csproj", "{C3A97F9A-838F-446C-B083-4DE90DC3D158}"
EndProject
Project("{FAE04EC0-301F-11D3-BF4B-00C04F79EFBC}") = "AndroidTreeView.App", "src\AndroidTreeView.App\AndroidTreeView.App.csproj", "{D558D383-4D84-4685-8D2B-DE136DD11946}"
EndProject
Project("{2150E333-8FDC-42A3-9474-1A3956D46DE8}") = "tests", "tests", "{0AB3BF05-4346-4AA6-1389-037BE0695223}"
EndProject
Project("{FAE04EC0-301F-11D3-BF4B-00C04F79EFBC}") = "AndroidTreeView.Adb.Tests", "tests\AndroidTreeView.Adb.Tests\AndroidTreeView.Adb.Tests.csproj", "{62DD0703-E164-4C00-A740-5CBA5DAE8C62}"
EndProject
Project("{FAE04EC0-301F-11D3-BF4B-00C04F79EFBC}") = "AndroidTreeView.Core.Tests", "tests\AndroidTreeView.Core.Tests\AndroidTreeView.Core.Tests.csproj", "{860E8388-F179-46EA-B7C7-CB1CE88C14D5}"
EndProject
Project("{FAE04EC0-301F-11D3-BF4B-00C04F79EFBC}") = "AndroidTreeView.App.Tests", "tests\AndroidTreeView.App.Tests\AndroidTreeView.App.Tests.csproj", "{61AE9286-B6C3-4578-B17C-04A3F560EE6E}"
EndProject
Project("{FAE04EC0-301F-11D3-BF4B-00C04F79EFBC}") = "AndroidTreeView.Infrastructure.Tests", "tests\AndroidTreeView.Infrastructure.Tests\AndroidTreeView.Infrastructure.Tests.csproj", "{6D6FA03F-5AF2-4801-A14E-14817C04F6D9}"
EndProject
Project("{FAE04EC0-301F-11D3-BF4B-00C04F79EFBC}") = "AndroidTreeView.Mini", "src\AndroidTreeView.Mini\AndroidTreeView.Mini.csproj", "{94373852-6FAE-442B-BB1E-F5A1C91B3677}"
EndProject
Project("{FAE04EC0-301F-11D3-BF4B-00C04F79EFBC}") = "AndroidTreeView.Shared", "src\AndroidTreeView.Shared\AndroidTreeView.Shared.csproj", "{448B7178-AE0A-481E-A9F1-5C04502EB2E6}"
EndProject
Project("{FAE04EC0-301F-11D3-BF4B-00C04F79EFBC}") = "AndroidTreeView.Mini.Mac", "src\AndroidTreeView.Mini.Mac\AndroidTreeView.Mini.Mac.csproj", "{280DCF34-E760-472C-9681-7C15C8F544C5}"
EndProject
Global
	GlobalSection(SolutionConfigurationPlatforms) = preSolution
		Debug|Any CPU = Debug|Any CPU
		Debug|x64 = Debug|x64
		Debug|x86 = Debug|x86
		Release|Any CPU = Release|Any CPU
		Release|x64 = Release|x64
		Release|x86 = Release|x86
	EndGlobalSection
	GlobalSection(ProjectConfigurationPlatforms) = postSolution
		{0F6C4102-A1C2-4784-AF93-6CE76207BC69}.Debug|Any CPU.ActiveCfg = Debug|Any CPU
		{0F6C4102-A1C2-4784-AF93-6CE76207BC69}.Debug|Any CPU.Build.0 = Debug|Any CPU
		{0F6C4102-A1C2-4784-AF93-6CE76207BC69}.Debug|x64.ActiveCfg = Debug|Any CPU
		{0F6C4102-A1C2-4784-AF93-6CE76207BC69}.Debug|x64.Build.0 = Debug|Any CPU
		{0F6C4102-A1C2-4784-AF93-6CE76207BC69}.Debug|x86.ActiveCfg = Debug|Any CPU
		{0F6C4102-A1C2-4784-AF93-6CE76207BC69}.Debug|x86.Build.0 = Debug|Any CPU
		{0F6C4102-A1C2-4784-AF93-6CE76207BC69}.Release|Any CPU.ActiveCfg = Release|Any CPU
		{0F6C4102-A1C2-4784-AF93-6CE76207BC69}.Release|Any CPU.Build.0 = Release|Any CPU
		{0F6C4102-A1C2-4784-AF93-6CE76207BC69}.Release|x64.ActiveCfg = Release|Any CPU
		{0F6C4102-A1C2-4784-AF93-6CE76207BC69}.Release|x64.Build.0 = Release|Any CPU
		{0F6C4102-A1C2-4784-AF93-6CE76207BC69}.Release|x86.ActiveCfg = Release|Any CPU
		{0F6C4102-A1C2-4784-AF93-6CE76207BC69}.Release|x86.Build.0 = Release|Any CPU
		{53511EDA-C071-41A1-A0E7-295175228BAD}.Debug|Any CPU.ActiveCfg = Debug|Any CPU
		{53511EDA-C071-41A1-A0E7-295175228BAD}.Debug|Any CPU.Build.0 = Debug|Any CPU
		{53511EDA-C071-41A1-A0E7-295175228BAD}.Debug|x64.ActiveCfg = Debug|Any CPU
		{53511EDA-C071-41A1-A0E7-295175228BAD}.Debug|x64.Build.0 = Debug|Any CPU
		{53511EDA-C071-41A1-A0E7-295175228BAD}.Debug|x86.ActiveCfg = Debug|Any CPU
		{53511EDA-C071-41A1-A0E7-295175228BAD}.Debug|x86.Build.0 = Debug|Any CPU
		{53511EDA-C071-41A1-A0E7-295175228BAD}.Release|Any CPU.ActiveCfg = Release|Any CPU
		{53511EDA-C071-41A1-A0E7-295175228BAD}.Release|Any CPU.Build.0 = Release|Any CPU
		{53511EDA-C071-41A1-A0E7-295175228BAD}.Release|x64.ActiveCfg = Release|Any CPU
		{53511EDA-C071-41A1-A0E7-295175228BAD}.Release|x64.Build.0 = Release|Any CPU
		{53511EDA-C071-41A1-A0E7-295175228BAD}.Release|x86.ActiveCfg = Release|Any CPU
		{53511EDA-C071-41A1-A0E7-295175228BAD}.Release|x86.Build.0 = Release|Any CPU
		{15F8190C-606E-4A0F-AC54-B1A862CBBC8E}.Debug|Any CPU.ActiveCfg = Debug|Any CPU
		{15F8190C-606E-4A0F-AC54-B1A862CBBC8E}.Debug|Any CPU.Build.0 = Debug|Any CPU
		{15F8190C-606E-4A0F-AC54-B1A862CBBC8E}.Debug|x64.ActiveCfg = Debug|Any CPU
		{15F8190C-606E-4A0F-AC54-B1A862CBBC8E}.Debug|x64.Build.0 = Debug|Any CPU
		{15F8190C-606E-4A0F-AC54-B1A862CBBC8E}.Debug|x86.ActiveCfg = Debug|Any CPU
		{15F8190C-606E-4A0F-AC54-B1A862CBBC8E}.Debug|x86.Build.0 = Debug|Any CPU
		{15F8190C-606E-4A0F-AC54-B1A862CBBC8E}.Release|Any CPU.ActiveCfg = Release|Any CPU
		{15F8190C-606E-4A0F-AC54-B1A862CBBC8E}.Release|Any CPU.Build.0 = Release|Any CPU
		{15F8190C-606E-4A0F-AC54-B1A862CBBC8E}.Release|x64.ActiveCfg = Release|Any CPU
		{15F8190C-606E-4A0F-AC54-B1A862CBBC8E}.Release|x64.Build.0 = Release|Any CPU
		{15F8190C-606E-4A0F-AC54-B1A862CBBC8E}.Release|x86.ActiveCfg = Release|Any CPU
		{15F8190C-606E-4A0F-AC54-B1A862CBBC8E}.Release|x86.Build.0 = Release|Any CPU
		{C3A97F9A-838F-446C-B083-4DE90DC3D158}.Debug|Any CPU.ActiveCfg = Debug|Any CPU
		{C3A97F9A-838F-446C-B083-4DE90DC3D158}.Debug|Any CPU.Build.0 = Debug|Any CPU
		{C3A97F9A-838F-446C-B083-4DE90DC3D158}.Debug|x64.ActiveCfg = Debug|Any CPU
		{C3A97F9A-838F-446C-B083-4DE90DC3D158}.Debug|x64.Build.0 = Debug|Any CPU
		{C3A97F9A-838F-446C-B083-4DE90DC3D158}.Debug|x86.ActiveCfg = Debug|Any CPU
		{C3A97F9A-838F-446C-B083-4DE90DC3D158}.Debug|x86.Build.0 = Debug|Any CPU
		{C3A97F9A-838F-446C-B083-4DE90DC3D158}.Release|Any CPU.ActiveCfg = Release|Any CPU
		{C3A97F9A-838F-446C-B083-4DE90DC3D158}.Release|Any CPU.Build.0 = Release|Any CPU
		{C3A97F9A-838F-446C-B083-4DE90DC3D158}.Release|x64.ActiveCfg = Release|Any CPU
		{C3A97F9A-838F-446C-B083-4DE90DC3D158}.Release|x64.Build.0 = Release|Any CPU
		{C3A97F9A-838F-446C-B083-4DE90DC3D158}.Release|x86.ActiveCfg = Release|Any CPU
		{C3A97F9A-838F-446C-B083-4DE90DC3D158}.Release|x86.Build.0 = Release|Any CPU
		{D558D383-4D84-4685-8D2B-DE136DD11946}.Debug|Any CPU.ActiveCfg = Debug|Any CPU
		{D558D383-4D84-4685-8D2B-DE136DD11946}.Debug|Any CPU.Build.0 = Debug|Any CPU
		{D558D383-4D84-4685-8D2B-DE136DD11946}.Debug|x64.ActiveCfg = Debug|Any CPU
		{D558D383-4D84-4685-8D2B-DE136DD11946}.Debug|x64.Build.0 = Debug|Any CPU
		{D558D383-4D84-4685-8D2B-DE136DD11946}.Debug|x86.ActiveCfg = Debug|Any CPU
		{D558D383-4D84-4685-8D2B-DE136DD11946}.Debug|x86.Build.0 = Debug|Any CPU
		{D558D383-4D84-4685-8D2B-DE136DD11946}.Release|Any CPU.ActiveCfg = Release|Any CPU
		{D558D383-4D84-4685-8D2B-DE136DD11946}.Release|Any CPU.Build.0 = Release|Any CPU
		{D558D383-4D84-4685-8D2B-DE136DD11946}.Release|x64.ActiveCfg = Release|Any CPU
		{D558D383-4D84-4685-8D2B-DE136DD11946}.Release|x64.Build.0 = Release|Any CPU
		{D558D383-4D84-4685-8D2B-DE136DD11946}.Release|x86.ActiveCfg = Release|Any CPU
		{D558D383-4D84-4685-8D2B-DE136DD11946}.Release|x86.Build.0 = Release|Any CPU
		{62DD0703-E164-4C00-A740-5CBA5DAE8C62}.Debug|Any CPU.ActiveCfg = Debug|Any CPU
		{62DD0703-E164-4C00-A740-5CBA5DAE8C62}.Debug|Any CPU.Build.0 = Debug|Any CPU
		{62DD0703-E164-4C00-A740-5CBA5DAE8C62}.Debug|x64.ActiveCfg = Debug|Any CPU
		{62DD0703-E164-4C00-A740-5CBA5DAE8C62}.Debug|x64.Build.0 = Debug|Any CPU
		{62DD0703-E164-4C00-A740-5CBA5DAE8C62}.Debug|x86.ActiveCfg = Debug|Any CPU
		{62DD0703-E164-4C00-A740-5CBA5DAE8C62}.Debug|x86.Build.0 = Debug|Any CPU
		{62DD0703-E164-4C00-A740-5CBA5DAE8C62}.Release|Any CPU.ActiveCfg = Release|Any CPU
		{62DD0703-E164-4C00-A740-5CBA5DAE8C62}.Release|Any CPU.Build.0 = Release|Any CPU
		{62DD0703-E164-4C00-A740-5CBA5DAE8C62}.Release|x64.ActiveCfg = Release|Any CPU
		{62DD0703-E164-4C00-A740-5CBA5DAE8C62}.Release|x64.Build.0 = Release|Any CPU
		{62DD0703-E164-4C00-A740-5CBA5DAE8C62}.Release|x86.ActiveCfg = Release|Any CPU
		{62DD0703-E164-4C00-A740-5CBA5DAE8C62}.Release|x86.Build.0 = Release|Any CPU
		{860E8388-F179-46EA-B7C7-CB1CE88C14D5}.Debug|Any CPU.ActiveCfg = Debug|Any CPU
		{860E8388-F179-46EA-B7C7-CB1CE88C14D5}.Debug|Any CPU.Build.0 = Debug|Any CPU
		{860E8388-F179-46EA-B7C7-CB1CE88C14D5}.Debug|x64.ActiveCfg = Debug|Any CPU
		{860E8388-F179-46EA-B7C7-CB1CE88C14D5}.Debug|x64.Build.0 = Debug|Any CPU
		{860E8388-F179-46EA-B7C7-CB1CE88C14D5}.Debug|x86.ActiveCfg = Debug|Any CPU
		{860E8388-F179-46EA-B7C7-CB1CE88C14D5}.Debug|x86.Build.0 = Debug|Any CPU
		{860E8388-F179-46EA-B7C7-CB1CE88C14D5}.Release|Any CPU.ActiveCfg = Release|Any CPU
		{860E8388-F179-46EA-B7C7-CB1CE88C14D5}.Release|Any CPU.Build.0 = Release|Any CPU
		{860E8388-F179-46EA-B7C7-CB1CE88C14D5}.Release|x64.ActiveCfg = Release|Any CPU
		{860E8388-F179-46EA-B7C7-CB1CE88C14D5}.Release|x64.Build.0 = Release|Any CPU
		{860E8388-F179-46EA-B7C7-CB1CE88C14D5}.Release|x86.ActiveCfg = Release|Any CPU
		{860E8388-F179-46EA-B7C7-CB1CE88C14D5}.Release|x86.Build.0 = Release|Any CPU
		{61AE9286-B6C3-4578-B17C-04A3F560EE6E}.Debug|Any CPU.ActiveCfg = Debug|Any CPU
		{61AE9286-B6C3-4578-B17C-04A3F560EE6E}.Debug|Any CPU.Build.0 = Debug|Any CPU
		{61AE9286-B6C3-4578-B17C-04A3F560EE6E}.Debug|x64.ActiveCfg = Debug|Any CPU
		{61AE9286-B6C3-4578-B17C-04A3F560EE6E}.Debug|x64.Build.0 = Debug|Any CPU
		{61AE9286-B6C3-4578-B17C-04A3F560EE6E}.Debug|x86.ActiveCfg = Debug|Any CPU
		{61AE9286-B6C3-4578-B17C-04A3F560EE6E}.Debug|x86.Build.0 = Debug|Any CPU
		{61AE9286-B6C3-4578-B17C-04A3F560EE6E}.Release|Any CPU.ActiveCfg = Release|Any CPU
		{61AE9286-B6C3-4578-B17C-04A3F560EE6E}.Release|Any CPU.Build.0 = Release|Any CPU
		{61AE9286-B6C3-4578-B17C-04A3F560EE6E}.Release|x64.ActiveCfg = Release|Any CPU
		{61AE9286-B6C3-4578-B17C-04A3F560EE6E}.Release|x64.Build.0 = Release|Any CPU
		{61AE9286-B6C3-4578-B17C-04A3F560EE6E}.Release|x86.ActiveCfg = Release|Any CPU
		{61AE9286-B6C3-4578-B17C-04A3F560EE6E}.Release|x86.Build.0 = Release|Any CPU
		{6D6FA03F-5AF2-4801-A14E-14817C04F6D9}.Debug|Any CPU.ActiveCfg = Debug|Any CPU
		{6D6FA03F-5AF2-4801-A14E-14817C04F6D9}.Debug|Any CPU.Build.0 = Debug|Any CPU
		{6D6FA03F-5AF2-4801-A14E-14817C04F6D9}.Debug|x64.ActiveCfg = Debug|Any CPU
		{6D6FA03F-5AF2-4801-A14E-14817C04F6D9}.Debug|x64.Build.0 = Debug|Any CPU
		{6D6FA03F-5AF2-4801-A14E-14817C04F6D9}.Debug|x86.ActiveCfg = Debug|Any CPU
		{6D6FA03F-5AF2-4801-A14E-14817C04F6D9}.Debug|x86.Build.0 = Debug|Any CPU
		{6D6FA03F-5AF2-4801-A14E-14817C04F6D9}.Release|Any CPU.ActiveCfg = Release|Any CPU
		{6D6FA03F-5AF2-4801-A14E-14817C04F6D9}.Release|Any CPU.Build.0 = Release|Any CPU
		{6D6FA03F-5AF2-4801-A14E-14817C04F6D9}.Release|x64.ActiveCfg = Release|Any CPU
		{6D6FA03F-5AF2-4801-A14E-14817C04F6D9}.Release|x64.Build.0 = Release|Any CPU
		{6D6FA03F-5AF2-4801-A14E-14817C04F6D9}.Release|x86.ActiveCfg = Release|Any CPU
		{6D6FA03F-5AF2-4801-A14E-14817C04F6D9}.Release|x86.Build.0 = Release|Any CPU
		{94373852-6FAE-442B-BB1E-F5A1C91B3677}.Debug|Any CPU.ActiveCfg = Debug|Any CPU
		{94373852-6FAE-442B-BB1E-F5A1C91B3677}.Debug|Any CPU.Build.0 = Debug|Any CPU
		{94373852-6FAE-442B-BB1E-F5A1C91B3677}.Debug|x64.ActiveCfg = Debug|Any CPU
		{94373852-6FAE-442B-BB1E-F5A1C91B3677}.Debug|x64.Build.0 = Debug|Any CPU
		{94373852-6FAE-442B-BB1E-F5A1C91B3677}.Debug|x86.ActiveCfg = Debug|Any CPU
		{94373852-6FAE-442B-BB1E-F5A1C91B3677}.Debug|x86.Build.0 = Debug|Any CPU
		{94373852-6FAE-442B-BB1E-F5A1C91B3677}.Release|Any CPU.ActiveCfg = Release|Any CPU
		{94373852-6FAE-442B-BB1E-F5A1C91B3677}.Release|Any CPU.Build.0 = Release|Any CPU
		{94373852-6FAE-442B-BB1E-F5A1C91B3677}.Release|x64.ActiveCfg = Release|Any CPU
		{94373852-6FAE-442B-BB1E-F5A1C91B3677}.Release|x64.Build.0 = Release|Any CPU
		{94373852-6FAE-442B-BB1E-F5A1C91B3677}.Release|x86.ActiveCfg = Release|Any CPU
		{94373852-6FAE-442B-BB1E-F5A1C91B3677}.Release|x86.Build.0 = Release|Any CPU
		{448B7178-AE0A-481E-A9F1-5C04502EB2E6}.Debug|Any CPU.ActiveCfg = Debug|Any CPU
		{448B7178-AE0A-481E-A9F1-5C04502EB2E6}.Debug|Any CPU.Build.0 = Debug|Any CPU
		{448B7178-AE0A-481E-A9F1-5C04502EB2E6}.Debug|x64.ActiveCfg = Debug|Any CPU
		{448B7178-AE0A-481E-A9F1-5C04502EB2E6}.Debug|x64.Build.0 = Debug|Any CPU
		{448B7178-AE0A-481E-A9F1-5C04502EB2E6}.Debug|x86.ActiveCfg = Debug|Any CPU
		{448B7178-AE0A-481E-A9F1-5C04502EB2E6}.Debug|x86.Build.0 = Debug|Any CPU
		{448B7178-AE0A-481E-A9F1-5C04502EB2E6}.Release|Any CPU.ActiveCfg = Release|Any CPU
		{448B7178-AE0A-481E-A9F1-5C04502EB2E6}.Release|Any CPU.Build.0 = Release|Any CPU
		{448B7178-AE0A-481E-A9F1-5C04502EB2E6}.Release|x64.ActiveCfg = Release|Any CPU
		{448B7178-AE0A-481E-A9F1-5C04502EB2E6}.Release|x64.Build.0 = Release|Any CPU
		{448B7178-AE0A-481E-A9F1-5C04502EB2E6}.Release|x86.ActiveCfg = Release|Any CPU
		{448B7178-AE0A-481E-A9F1-5C04502EB2E6}.Release|x86.Build.0 = Release|Any CPU
		{280DCF34-E760-472C-9681-7C15C8F544C5}.Debug|Any CPU.ActiveCfg = Debug|Any CPU
		{280DCF34-E760-472C-9681-7C15C8F544C5}.Debug|Any CPU.Build.0 = Debug|Any CPU
		{280DCF34-E760-472C-9681-7C15C8F544C5}.Debug|x64.ActiveCfg = Debug|Any CPU
		{280DCF34-E760-472C-9681-7C15C8F544C5}.Debug|x64.Build.0 = Debug|Any CPU
		{280DCF34-E760-472C-9681-7C15C8F544C5}.Debug|x86.ActiveCfg = Debug|Any CPU
		{280DCF34-E760-472C-9681-7C15C8F544C5}.Debug|x86.Build.0 = Debug|Any CPU
		{280DCF34-E760-472C-9681-7C15C8F544C5}.Release|Any CPU.ActiveCfg = Release|Any CPU
		{280DCF34-E760-472C-9681-7C15C8F544C5}.Release|Any CPU.Build.0 = Release|Any CPU
		{280DCF34-E760-472C-9681-7C15C8F544C5}.Release|x64.ActiveCfg = Release|Any CPU
		{280DCF34-E760-472C-9681-7C15C8F544C5}.Release|x64.Build.0 = Release|Any CPU
		{280DCF34-E760-472C-9681-7C15C8F544C5}.Release|x86.ActiveCfg = Release|Any CPU
		{280DCF34-E760-472C-9681-7C15C8F544C5}.Release|x86.Build.0 = Release|Any CPU
	EndGlobalSection
	GlobalSection(SolutionProperties) = preSolution
		HideSolutionNode = FALSE
	EndGlobalSection
	GlobalSection(NestedProjects) = preSolution
		{0F6C4102-A1C2-4784-AF93-6CE76207BC69} = {827E0CD3-B72D-47B6-A68D-7590B98EB39B}
		{53511EDA-C071-41A1-A0E7-295175228BAD} = {827E0CD3-B72D-47B6-A68D-7590B98EB39B}
		{15F8190C-606E-4A0F-AC54-B1A862CBBC8E} = {827E0CD3-B72D-47B6-A68D-7590B98EB39B}
		{C3A97F9A-838F-446C-B083-4DE90DC3D158} = {827E0CD3-B72D-47B6-A68D-7590B98EB39B}
		{D558D383-4D84-4685-8D2B-DE136DD11946} = {827E0CD3-B72D-47B6-A68D-7590B98EB39B}
		{62DD0703-E164-4C00-A740-5CBA5DAE8C62} = {0AB3BF05-4346-4AA6-1389-037BE0695223}
		{860E8388-F179-46EA-B7C7-CB1CE88C14D5} = {0AB3BF05-4346-4AA6-1389-037BE0695223}
		{61AE9286-B6C3-4578-B17C-04A3F560EE6E} = {0AB3BF05-4346-4AA6-1389-037BE0695223}
		{6D6FA03F-5AF2-4801-A14E-14817C04F6D9} = {0AB3BF05-4346-4AA6-1389-037BE0695223}
		{94373852-6FAE-442B-BB1E-F5A1C91B3677} = {827E0CD3-B72D-47B6-A68D-7590B98EB39B}
		{448B7178-AE0A-481E-A9F1-5C04502EB2E6} = {827E0CD3-B72D-47B6-A68D-7590B98EB39B}
		{280DCF34-E760-472C-9681-7C15C8F544C5} = {827E0CD3-B72D-47B6-A68D-7590B98EB39B}
	EndGlobalSection
EndGlobal
